
Microsoft Visual Studio Solution File, Format Version 12.00
# Visual Studio Version 16
VisualStudioVersion = 16.0.28803.202
MinimumVisualStudioVersion = 10.0.40219.1
Project("{FAE04EC0-301F-11D3-BF4B-00C04F79EFBC}") = "LAB21", "LAB21\LAB21.csproj", "{6487DB79-50E1-4ADC-ACFA-D0F97988C0A0}"
EndProject
Global
	GlobalSection(SolutionConfigurationPlatforms) = preSolution
		Debug|Any CPU = Debug|Any CPU
		Release|Any CPU = Release|Any CPU
	EndGlobalSection
	GlobalSection(ProjectConfigurationPlatforms) = postSolution
		{6487DB79-50E1-4ADC-ACFA-D0F97988C0A0}.Debug|Any CPU.ActiveCfg = Debug|Any CPU
		{6487DB79-50E1-4ADC-ACFA-D0F97988C0A0}.Debug|Any CPU.Build.0 = Debug|Any CPU
		{6487DB79-50E1-4ADC-ACFA-D0F97988C0A0}.Release|Any CPU.ActiveCfg = Release|Any CPU
		{6487DB79-50E1-4ADC-ACFA-D0F97988C0A0}.Release|Any CPU.Build.0 = Release|Any CPU
	EndGlobalSection
	GlobalSection(SolutionProperties) = preSolution
		HideSolutionNode = FALSE
	EndGlobalSection
	GlobalSection(ExtensibilityGlobals) = postSolution
		SolutionGuid = {59E7A6A9-49A6-4D2E-ADFE-051FE446880C}
	EndGlobalSection
EndGlobal
